
Microsoft Visual Studio Solution File, Format Version 12.00
# Visual Studio 15
VisualStudioVersion = 15.0.27130.2024
MinimumVisualStudioVersion = 10.0.40219.1
Project("{FAE04EC0-301F-11D3-BF4B-00C04F79EFBC}") = "AbstractFactory", "AbstractFactory\AbstractFactory.csproj", "{0B27840C-46CC-4B15-A38F-26400C6B49CB}"
EndProject
Project("{FAE04EC0-301F-11D3-BF4B-00C04F79EFBC}") = "FactoryMethod", "FactoryMethod\FactoryMethod.csproj", "{820557FA-F436-4705-8485-29ED33DC8989}"
EndProject
Project("{FAE04EC0-301F-11D3-BF4B-00C04F79EFBC}") = "Builder", "Builder\Builder.csproj", "{1D50C78A-94DF-4A42-A09D-A956B63E0EF7}"
EndProject
Project("{FAE04EC0-301F-11D3-BF4B-00C04F79EFBC}") = "Singleton", "Singleton\Singleton.csproj", "{6C5A7326-F20D-4F9B-ADE1-D27662E00285}"
EndProject
Project("{FAE04EC0-301F-11D3-BF4B-00C04F79EFBC}") = "ObjectPool", "ObjectPool\ObjectPool.csproj", "{850E33A3-6C03-4AC5-A124-508BA1679ECD}"
EndProject
Project("{FAE04EC0-301F-11D3-BF4B-00C04F79EFBC}") = "Adapter", "Adapter\Adapter.csproj", "{766F662E-85E5-4D5D-AB08-17FDEDE67D41}"
EndProject
Project("{FAE04EC0-301F-11D3-BF4B-00C04F79EFBC}") = "Prototype", "Prototype\Prototype.csproj", "{4DC8751F-09F0-4DB8-B330-1C7A97F8750A}"
EndProject
Project("{FAE04EC0-301F-11D3-BF4B-00C04F79EFBC}") = "Bridge", "Bridge\Bridge.csproj", "{788C853D-2E8A-49D9-904E-EF45248762D0}"
EndProject
Project("{FAE04EC0-301F-11D3-BF4B-00C04F79EFBC}") = "Composite", "Composite\Composite.csproj", "{F160E162-4D66-4FB8-B60E-AFA0E0B3F5A5}"
EndProject
Project("{FAE04EC0-301F-11D3-BF4B-00C04F79EFBC}") = "Decorator", "Decorator\Decorator.csproj", "{1D6322FD-2E46-4047-9AB4-7C5E4CA9F85C}"
EndProject
Project("{FAE04EC0-301F-11D3-BF4B-00C04F79EFBC}") = "Facade", "Facade\Facade.csproj", "{7A0B032F-5C9E-4902-88E2-C0046AF4CD89}"
EndProject
Project("{FAE04EC0-301F-11D3-BF4B-00C04F79EFBC}") = "Flyweight", "Flyweight\Flyweight.csproj", "{E0CE2CA4-6BAE-40DF-B6DE-0B0EF8D946E7}"
EndProject
Project("{FAE04EC0-301F-11D3-BF4B-00C04F79EFBC}") = "PrivateClassData", "PrivateClassData\PrivateClassData.csproj", "{3F91730F-FA6A-40B1-8B30-3E4A3CFF9A3D}"
EndProject
Project("{FAE04EC0-301F-11D3-BF4B-00C04F79EFBC}") = "Proxy", "Proxy\Proxy.csproj", "{1AEEDFCB-EF8D-42BB-9FBB-08ACA3B48523}"
EndProject
Global
	GlobalSection(SolutionConfigurationPlatforms) = preSolution
		Debug|Any CPU = Debug|Any CPU
		Release|Any CPU = Release|Any CPU
	EndGlobalSection
	GlobalSection(ProjectConfigurationPlatforms) = postSolution
		{0B27840C-46CC-4B15-A38F-26400C6B49CB}.Debug|Any CPU.ActiveCfg = Debug|Any CPU
		{0B27840C-46CC-4B15-A38F-26400C6B49CB}.Debug|Any CPU.Build.0 = Debug|Any CPU
		{0B27840C-46CC-4B15-A38F-26400C6B49CB}.Release|Any CPU.ActiveCfg = Release|Any CPU
		{0B27840C-46CC-4B15-A38F-26400C6B49CB}.Release|Any CPU.Build.0 = Release|Any CPU
		{820557FA-F436-4705-8485-29ED33DC8989}.Debug|Any CPU.ActiveCfg = Debug|Any CPU
		{820557FA-F436-4705-8485-29ED33DC8989}.Debug|Any CPU.Build.0 = Debug|Any CPU
		{820557FA-F436-4705-8485-29ED33DC8989}.Release|Any CPU.ActiveCfg = Release|Any CPU
		{820557FA-F436-4705-8485-29ED33DC8989}.Release|Any CPU.Build.0 = Release|Any CPU
		{1D50C78A-94DF-4A42-A09D-A956B63E0EF7}.Debug|Any CPU.ActiveCfg = Debug|Any CPU
		{1D50C78A-94DF-4A42-A09D-A956B63E0EF7}.Debug|Any CPU.Build.0 = Debug|Any CPU
		{1D50C78A-94DF-4A42-A09D-A956B63E0EF7}.Release|Any CPU.ActiveCfg = Release|Any CPU
		{1D50C78A-94DF-4A42-A09D-A956B63E0EF7}.Release|Any CPU.Build.0 = Release|Any CPU
		{6C5A7326-F20D-4F9B-ADE1-D27662E00285}.Debug|Any CPU.ActiveCfg = Debug|Any CPU
		{6C5A7326-F20D-4F9B-ADE1-D27662E00285}.Debug|Any CPU.Build.0 = Debug|Any CPU
		{6C5A7326-F20D-4F9B-ADE1-D27662E00285}.Release|Any CPU.ActiveCfg = Release|Any CPU
		{6C5A7326-F20D-4F9B-ADE1-D27662E00285}.Release|Any CPU.Build.0 = Release|Any CPU
		{850E33A3-6C03-4AC5-A124-508BA1679ECD}.Debug|Any CPU.ActiveCfg = Debug|Any CPU
		{850E33A3-6C03-4AC5-A124-508BA1679ECD}.Debug|Any CPU.Build.0 = Debug|Any CPU
		{850E33A3-6C03-4AC5-A124-508BA1679ECD}.Release|Any CPU.ActiveCfg = Release|Any CPU
		{850E33A3-6C03-4AC5-A124-508BA1679ECD}.Release|Any CPU.Build.0 = Release|Any CPU
		{766F662E-85E5-4D5D-AB08-17FDEDE67D41}.Debug|Any CPU.ActiveCfg = Debug|Any CPU
		{766F662E-85E5-4D5D-AB08-17FDEDE67D41}.Debug|Any CPU.Build.0 = Debug|Any CPU
		{766F662E-85E5-4D5D-AB08-17FDEDE67D41}.Release|Any CPU.ActiveCfg = Release|Any CPU
		{766F662E-85E5-4D5D-AB08-17FDEDE67D41}.Release|Any CPU.Build.0 = Release|Any CPU
		{4DC8751F-09F0-4DB8-B330-1C7A97F8750A}.Debug|Any CPU.ActiveCfg = Debug|Any CPU
		{4DC8751F-09F0-4DB8-B330-1C7A97F8750A}.Debug|Any CPU.Build.0 = Debug|Any CPU
		{4DC8751F-09F0-4DB8-B330-1C7A97F8750A}.Release|Any CPU.ActiveCfg = Release|Any CPU
		{4DC8751F-09F0-4DB8-B330-1C7A97F8750A}.Release|Any CPU.Build.0 = Release|Any CPU
		{788C853D-2E8A-49D9-904E-EF45248762D0}.Debug|Any CPU.ActiveCfg = Debug|Any CPU
		{788C853D-2E8A-49D9-904E-EF45248762D0}.Debug|Any CPU.Build.0 = Debug|Any CPU
		{788C853D-2E8A-49D9-904E-EF45248762D0}.Release|Any CPU.ActiveCfg = Release|Any CPU
		{788C853D-2E8A-49D9-904E-EF45248762D0}.Release|Any CPU.Build.0 = Release|Any CPU
		{F160E162-4D66-4FB8-B60E-AFA0E0B3F5A5}.Debug|Any CPU.ActiveCfg = Debug|Any CPU
		{F160E162-4D66-4FB8-B60E-AFA0E0B3F5A5}.Debug|Any CPU.Build.0 = Debug|Any CPU
		{F160E162-4D66-4FB8-B60E-AFA0E0B3F5A5}.Release|Any CPU.ActiveCfg = Release|Any CPU
		{F160E162-4D66-4FB8-B60E-AFA0E0B3F5A5}.Release|Any CPU.Build.0 = Release|Any CPU
		{1D6322FD-2E46-4047-9AB4-7C5E4CA9F85C}.Debug|Any CPU.ActiveCfg = Debug|Any CPU
		{1D6322FD-2E46-4047-9AB4-7C5E4CA9F85C}.Debug|Any CPU.Build.0 = Debug|Any CPU
		{1D6322FD-2E46-4047-9AB4-7C5E4CA9F85C}.Release|Any CPU.ActiveCfg = Release|Any CPU
		{1D6322FD-2E46-4047-9AB4-7C5E4CA9F85C}.Release|Any CPU.Build.0 = Release|Any CPU
		{7A0B032F-5C9E-4902-88E2-C0046AF4CD89}.Debug|Any CPU.ActiveCfg = Debug|Any CPU
		{7A0B032F-5C9E-4902-88E2-C0046AF4CD89}.Debug|Any CPU.Build.0 = Debug|Any CPU
		{7A0B032F-5C9E-4902-88E2-C0046AF4CD89}.Release|Any CPU.ActiveCfg = Release|Any CPU
		{7A0B032F-5C9E-4902-88E2-C0046AF4CD89}.Release|Any CPU.Build.0 = Release|Any CPU
		{E0CE2CA4-6BAE-40DF-B6DE-0B0EF8D946E7}.Debug|Any CPU.ActiveCfg = Debug|Any CPU
		{E0CE2CA4-6BAE-40DF-B6DE-0B0EF8D946E7}.Debug|Any CPU.Build.0 = Debug|Any CPU
		{E0CE2CA4-6BAE-40DF-B6DE-0B0EF8D946E7}.Release|Any CPU.ActiveCfg = Release|Any CPU
		{E0CE2CA4-6BAE-40DF-B6DE-0B0EF8D946E7}.Release|Any CPU.Build.0 = Release|Any CPU
		{3F91730F-FA6A-40B1-8B30-3E4A3CFF9A3D}.Debug|Any CPU.ActiveCfg = Debug|Any CPU
		{3F91730F-FA6A-40B1-8B30-3E4A3CFF9A3D}.Debug|Any CPU.Build.0 = Debug|Any CPU
		{3F91730F-FA6A-40B1-8B30-3E4A3CFF9A3D}.Release|Any CPU.ActiveCfg = Release|Any CPU
		{3F91730F-FA6A-40B1-8B30-3E4A3CFF9A3D}.Release|Any CPU.Build.0 = Release|Any CPU
		{1AEEDFCB-EF8D-42BB-9FBB-08ACA3B48523}.Debug|Any CPU.ActiveCfg = Debug|Any CPU
		{1AEEDFCB-EF8D-42BB-9FBB-08ACA3B48523}.Debug|Any CPU.Build.0 = Debug|Any CPU
		{1AEEDFCB-EF8D-42BB-9FBB-08ACA3B48523}.Release|Any CPU.ActiveCfg = Release|Any CPU
		{1AEEDFCB-EF8D-42BB-9FBB-08ACA3B48523}.Release|Any CPU.Build.0 = Release|Any CPU
	EndGlobalSection
	GlobalSection(SolutionProperties) = preSolution
		HideSolutionNode = FALSE
	EndGlobalSection
	GlobalSection(ExtensibilityGlobals) = postSolution
		SolutionGuid = {7CCAB2E9-DC0B-4578-8E5F-2B623EA26F7B}
	EndGlobalSection
EndGlobal
